
Microsoft Visual Studio Solution File, Format Version 12.00
Project("{FAE04EC0-301F-11D3-BF4B-00C04F79EFBC}") = "LAB12_AiSD2", "LAB12_AiSD2\LAB12_AiSD2.csproj", "{A270314F-64D3-481B-B972-7581ABB8F589}"
EndProject
Global
	GlobalSection(SolutionConfigurationPlatforms) = preSolution
		Debug|Any CPU = Debug|Any CPU
		Release|Any CPU = Release|Any CPU
	EndGlobalSection
	GlobalSection(ProjectConfigurationPlatforms) = postSolution
		{A270314F-64D3-481B-B972-7581ABB8F589}.Debug|Any CPU.ActiveCfg = Debug|Any CPU
		{A270314F-64D3-481B-B972-7581ABB8F589}.Debug|Any CPU.Build.0 = Debug|Any CPU
		{A270314F-64D3-481B-B972-7581ABB8F589}.Release|Any CPU.ActiveCfg = Release|Any CPU
		{A270314F-64D3-481B-B972-7581ABB8F589}.Release|Any CPU.Build.0 = Release|Any CPU
	EndGlobalSection
EndGlobal
